<?xml version="1.0" encoding="utf-8"?>
<Project ToolsVersion="4.0" xmlns="http://schemas.microsoft.com/developer/msbuild/2003">
  <ItemGroup>
    <Filter Include="src">
      <UniqueIdentifier>{d8376475-7454-4a24-b08a-aac121d3ad6f}</UniqueIdentifier>
    </Filter>
    <Filter Include="addons">
      <UniqueIdentifier>{f0b74b96-0ca7-4953-a093-ab3fc35da759}</UniqueIdentifier>
    </Filter>
    <Filter Include="addons\ofxEvent">
      <UniqueIdentifier>{27022ece-2f57-4d5a-bccc-cf24a63c0794}</UniqueIdentifier>
    </Filter>
    <Filter Include="addons\ofxException">
      <UniqueIdentifier>{d1325b72-3f8f-42f1-9d60-8c69485b79a2}</UniqueIdentifier>
    </Filter>
    <Filter Include="addons\ofxNonCopyable">
      <UniqueIdentifier>{b03f0c29-8a41-40c9-b43e-c431bef378e1}</UniqueIdentifier>
    </Filter>
    <Filter Include="addons\ofxSimpleKalmanFilter">
      <UniqueIdentifier>{7f1984e6-b3fe-42df-aa7c-dcdafef7b8d1}</UniqueIdentifier>
    </Filter>
    <Filter Include="addons\ofxUITabbedCanvas">
      <UniqueIdentifier>{945d0526-2413-4003-87d6-33e4f9e70973}</UniqueIdentifier>
    </Filter>
    <Filter Include="addons\ofxUI">
      <UniqueIdentifier>{57b6b3c8-8bc7-4ddd-9a83-0dac663ea550}</UniqueIdentifier>
    </Filter>
    <Filter Include="addons\ofxUI\src">
      <UniqueIdentifier>{e89e6e9e-3418-4c5f-9a9c-df4022517f83}</UniqueIdentifier>
    </Filter>
    <Filter Include="addons\ofxOsc">
      <UniqueIdentifier>{5421193d-32ac-4bde-bd54-f9f2e11f17ef}</UniqueIdentifier>
    </Filter>
    <Filter Include="addons\ofxOsc\src">
      <UniqueIdentifier>{e9f59ee9-a864-471e-ae43-58e00545985e}</UniqueIdentifier>
    </Filter>
    <Filter Include="addons\ofxOsc\libs">
      <UniqueIdentifier>{ec02f994-040f-4653-9b5e-8fe579320903}</UniqueIdentifier>
    </Filter>
    <Filter Include="addons\ofxOsc\libs\oscpack">
      <UniqueIdentifier>{c6c1d6fa-fe42-4109-99e2-faed113c3708}</UniqueIdentifier>
    </Filter>
    <Filter Include="addons\ofxOsc\libs\oscpack\src">
      <UniqueIdentifier>{546757c7-6180-4b32-9b00-808d5c3039a5}</UniqueIdentifier>
    </Filter>
    <Filter Include="addons\ofxOsc\libs\oscpack\src\osc">
      <UniqueIdentifier>{f769a170-3cf2-4fbe-8967-891c26227436}</UniqueIdentifier>
    </Filter>
    <Filter Include="addons\ofxOsc\libs\oscpack\src\ip">
      <UniqueIdentifier>{8b43c453-811a-4cc6-b09a-22ed348ee12e}</UniqueIdentifier>
    </Filter>
    <Filter Include="addons\ofxOsc\libs\oscpack\src\ip\win32">
      <UniqueIdentifier>{55b0a5ad-c60e-48c3-add3-8cc7c931944c}</UniqueIdentifier>
    </Filter>
    <Filter Include="addons\ofxXmlSettings">
      <UniqueIdentifier>{15391a1e-b4f8-4bb3-a14e-6ceeff378409}</UniqueIdentifier>
    </Filter>
    <Filter Include="addons\ofxXmlSettings\src">
      <UniqueIdentifier>{126a1fe6-880f-460b-8638-9a5698c8b16b}</UniqueIdentifier>
    </Filter>
    <Filter Include="addons\ofxXmlSettings\libs">
      <UniqueIdentifier>{5034c345-c983-4783-8845-6626cf4a0cfb}</UniqueIdentifier>
    </Filter>
    <Filter Include="addons\ofxNetwork">
      <UniqueIdentifier>{1853e583-67ce-4007-bf1e-69c106de0b30}</UniqueIdentifier>
    </Filter>
    <Filter Include="addons\ofxNetwork\src">
      <UniqueIdentifier>{4f479808-81b6-4055-bfb8-7d7159c56361}</UniqueIdentifier>
    </Filter>
  </ItemGroup>
  <ItemGroup>
    <ResourceCompile Include="icon.rc" />
  </ItemGroup>
  <ItemGroup>
    <ClCompile Include="src\main.cpp">
      <Filter>src</Filter>
    </ClCompile>
    <ClCompile Include="src\MotionerApp.cpp">
      <Filter>src</Filter>
    </ClCompile>
    <ClCompile Include="src\events\ramEvent.cpp">
      <Filter>src</Filter>
    </ClCompile>
    <ClCompile Include="src\general\ramCommon.cpp">
      <Filter>src</Filter>
    </ClCompile>
    <ClCompile Include="src\general\ramConstants.cpp">
      <Filter>src</Filter>
    </ClCompile>
    <ClCompile Include="src\general\ramTypes.cpp">
      <Filter>src</Filter>
    </ClCompile>
    <ClCompile Include="src\network\ramDeviceCorrespondent.cpp">
      <Filter>src</Filter>
    </ClCompile>
    <ClCompile Include="src\network\ramOscReceiver.cpp">
      <Filter>src</Filter>
    </ClCompile>
    <ClCompile Include="src\network\ramOscSender.cpp">
      <Filter>src</Filter>
    </ClCompile>
    <ClCompile Include="src\skeleton\coder\binary\ramBinaryCoder.cpp">
      <Filter>src</Filter>
    </ClCompile>
    <ClCompile Include="src\skeleton\coder\bvh\ramBVHCoder.cpp">
      <Filter>src</Filter>
    </ClCompile>
    <ClCompile Include="src\skeleton\coder\general\player\ramPlayer.cpp">
      <Filter>src</Filter>
    </ClCompile>
    <ClCompile Include="src\skeleton\coder\general\ramBaseCoder.cpp">
      <Filter>src</Filter>
    </ClCompile>
    <ClCompile Include="src\skeleton\coder\general\ramFrame.cpp">
      <Filter>src</Filter>
    </ClCompile>
    <ClCompile Include="src\skeleton\coder\general\recorder\ofBufferExtended.cpp">
      <Filter>src</Filter>
    </ClCompile>
    <ClCompile Include="src\skeleton\coder\general\recorder\ramRecorder.cpp">
      <Filter>src</Filter>
    </ClCompile>
    <ClCompile Include="src\skeleton\motion\ramCircleTrackerIK.cpp">
      <Filter>src</Filter>
    </ClCompile>
    <ClCompile Include="src\skeleton\motion\ramEasyIK.cpp">
      <Filter>src</Filter>
    </ClCompile>
    <ClCompile Include="src\skeleton\motion\ramOrientationLimitter.cpp">
      <Filter>src</Filter>
    </ClCompile>
    <ClCompile Include="src\skeleton\motion\ramVelocityIK.cpp">
      <Filter>src</Filter>
    </ClCompile>
    <ClCompile Include="src\skeleton\ramNode.cpp">
      <Filter>src</Filter>
    </ClCompile>
    <ClCompile Include="src\skeleton\ramPicker.cpp">
      <Filter>src</Filter>
    </ClCompile>
    <ClCompile Include="src\skeleton\ramSkeleton.cpp">
      <Filter>src</Filter>
    </ClCompile>
    <ClCompile Include="src\skeleton\ramSkeletonManager.cpp">
      <Filter>src</Filter>
    </ClCompile>
    <ClCompile Include="src\skeleton\render\ramRenderer.cpp">
      <Filter>src</Filter>
    </ClCompile>
    <ClCompile Include="src\skeleton\render\ramSimpleShadow.cpp">
      <Filter>src</Filter>
    </ClCompile>
    <ClCompile Include="src\skeleton\settings\ramSettings.cpp">
      <Filter>src</Filter>
    </ClCompile>
    <ClCompile Include="src\ui\ramInspectorUI.cpp">
      <Filter>src</Filter>
    </ClCompile>
    <ClCompile Include="src\ui\ramLoggerUI.cpp">
      <Filter>src</Filter>
    </ClCompile>
    <ClCompile Include="src\ui\ramSideBarUI.cpp">
      <Filter>src</Filter>
    </ClCompile>
    <ClCompile Include="src\ui\ramUI.cpp">
      <Filter>src</Filter>
    </ClCompile>
    <ClCompile Include="src\utilities\ramCameraManager.cpp">
      <Filter>src</Filter>
    </ClCompile>
    <ClCompile Include="src\utilities\ramLogger.cpp">
      <Filter>src</Filter>
    </ClCompile>
    <ClCompile Include="src\utilities\ramMesh.cpp">
      <Filter>src</Filter>
    </ClCompile>
    <ClCompile Include="src\utilities\ramUtils.cpp">
      <Filter>src</Filter>
    </ClCompile>
    <ClCompile Include="src\addons\ofxUITabbedCanvas\ofxUITabbedCanvas.cpp">
      <Filter>addons\ofxUITabbedCanvas</Filter>
    </ClCompile>
    <ClCompile Include="src\addons\ofxException\ofxException.cpp">
      <Filter>addons\ofxException</Filter>
    </ClCompile>
    <ClCompile Include="src\addons\ofxEvent\ofxEvent.cpp">
      <Filter>addons\ofxEvent</Filter>
    </ClCompile>
    <ClCompile Include="..\..\..\addons\ofxOsc\src\ofxOscBundle.cpp">
      <Filter>addons\ofxOsc\src</Filter>
    </ClCompile>
    <ClCompile Include="..\..\..\addons\ofxOsc\src\ofxOscMessage.cpp">
      <Filter>addons\ofxOsc\src</Filter>
    </ClCompile>
    <ClCompile Include="..\..\..\addons\ofxOsc\src\ofxOscParameterSync.cpp">
      <Filter>addons\ofxOsc\src</Filter>
    </ClCompile>
    <ClCompile Include="..\..\..\addons\ofxOsc\src\ofxOscReceiver.cpp">
      <Filter>addons\ofxOsc\src</Filter>
    </ClCompile>
    <ClCompile Include="..\..\..\addons\ofxOsc\src\ofxOscSender.cpp">
      <Filter>addons\ofxOsc\src</Filter>
    </ClCompile>
    <ClCompile Include="..\..\..\addons\ofxOsc\libs\oscpack\src\osc\OscOutboundPacketStream.cpp">
      <Filter>addons\ofxOsc\libs\oscpack\src\osc</Filter>
    </ClCompile>
    <ClCompile Include="..\..\..\addons\ofxOsc\libs\oscpack\src\osc\OscPrintReceivedElements.cpp">
      <Filter>addons\ofxOsc\libs\oscpack\src\osc</Filter>
    </ClCompile>
    <ClCompile Include="..\..\..\addons\ofxOsc\libs\oscpack\src\osc\OscReceivedElements.cpp">
      <Filter>addons\ofxOsc\libs\oscpack\src\osc</Filter>
    </ClCompile>
    <ClCompile Include="..\..\..\addons\ofxOsc\libs\oscpack\src\osc\OscTypes.cpp">
      <Filter>addons\ofxOsc\libs\oscpack\src\osc</Filter>
    </ClCompile>
    <ClCompile Include="..\..\..\addons\ofxOsc\libs\oscpack\src\ip\IpEndpointName.cpp">
      <Filter>addons\ofxOsc\libs\oscpack\src\ip</Filter>
    </ClCompile>
    <ClCompile Include="..\..\..\addons\ofxOsc\libs\oscpack\src\ip\win32\NetworkingUtilsWin.cpp">
      <Filter>addons\ofxOsc\libs\oscpack\src\ip\win32</Filter>
    </ClCompile>
    <ClCompile Include="..\..\..\addons\ofxOsc\libs\oscpack\src\ip\win32\UdpSocketWin.cpp">
      <Filter>addons\ofxOsc\libs\oscpack\src\ip\win32</Filter>
    </ClCompile>
    <ClCompile Include="..\..\..\addons\ofxXmlSettings\src\ofxXmlSettings.cpp">
      <Filter>addons\ofxXmlSettings\src</Filter>
    </ClCompile>
    <ClCompile Include="..\..\..\addons\ofxXmlSettings\libs\tinyxml.cpp">
      <Filter>addons\ofxXmlSettings\libs</Filter>
    </ClCompile>
    <ClCompile Include="..\..\..\addons\ofxXmlSettings\libs\tinyxmlerror.cpp">
      <Filter>addons\ofxXmlSettings\libs</Filter>
    </ClCompile>
    <ClCompile Include="..\..\..\addons\ofxXmlSettings\libs\tinyxmlparser.cpp">
      <Filter>addons\ofxXmlSettings\libs</Filter>
    </ClCompile>
    <ClCompile Include="..\..\..\addons\ofxNetwork\src\ofxTCPClient.cpp">
      <Filter>addons\ofxNetwork\src</Filter>
    </ClCompile>
    <ClCompile Include="..\..\..\addons\ofxNetwork\src\ofxTCPManager.cpp">
      <Filter>addons\ofxNetwork\src</Filter>
    </ClCompile>
    <ClCompile Include="..\..\..\addons\ofxNetwork\src\ofxTCPServer.cpp">
      <Filter>addons\ofxNetwork\src</Filter>
    </ClCompile>
    <ClCompile Include="..\..\..\addons\ofxNetwork\src\ofxUDPManager.cpp">
      <Filter>addons\ofxNetwork\src</Filter>
    </ClCompile>
  </ItemGroup>
  <ItemGroup>
    <ClInclude Include="src\MotionerApp.h">
      <Filter>src</Filter>
    </ClInclude>
    <ClInclude Include="src\events\ramEvent.h">
      <Filter>src</Filter>
    </ClInclude>
    <ClInclude Include="src\general\ramCommon.h">
      <Filter>src</Filter>
    </ClInclude>
    <ClInclude Include="src\general\ramConstants.h">
      <Filter>src</Filter>
    </ClInclude>
    <ClInclude Include="src\general\ramTypes.h">
      <Filter>src</Filter>
    </ClInclude>
    <ClInclude Include="src\network\ramDeviceCorrespondent.h">
      <Filter>src</Filter>
    </ClInclude>
    <ClInclude Include="src\network\ramOscReceiver.h">
      <Filter>src</Filter>
    </ClInclude>
    <ClInclude Include="src\network\ramOscSender.h">
      <Filter>src</Filter>
    </ClInclude>
    <ClInclude Include="src\skeleton\coder\binary\ramBinaryCoder.h">
      <Filter>src</Filter>
    </ClInclude>
    <ClInclude Include="src\skeleton\coder\bvh\ramBVHCoder.h">
      <Filter>src</Filter>
    </ClInclude>
    <ClInclude Include="src\skeleton\coder\general\player\ramPlayer.h">
      <Filter>src</Filter>
    </ClInclude>
    <ClInclude Include="src\skeleton\coder\general\ramBaseCoder.h">
      <Filter>src</Filter>
    </ClInclude>
    <ClInclude Include="src\skeleton\coder\general\ramFrame.h">
      <Filter>src</Filter>
    </ClInclude>
    <ClInclude Include="src\skeleton\coder\general\recorder\ofBufferExtended.h">
      <Filter>src</Filter>
    </ClInclude>
    <ClInclude Include="src\skeleton\coder\general\recorder\ramRecorder.h">
      <Filter>src</Filter>
    </ClInclude>
    <ClInclude Include="src\skeleton\motion\ramCircleTrackerIK.h">
      <Filter>src</Filter>
    </ClInclude>
    <ClInclude Include="src\skeleton\motion\ramEasyIK.h">
      <Filter>src</Filter>
    </ClInclude>
    <ClInclude Include="src\skeleton\motion\ramOrientationLimitter.h">
      <Filter>src</Filter>
    </ClInclude>
    <ClInclude Include="src\skeleton\motion\ramVelocityIK.h">
      <Filter>src</Filter>
    </ClInclude>
    <ClInclude Include="src\skeleton\ramNode.h">
      <Filter>src</Filter>
    </ClInclude>
    <ClInclude Include="src\skeleton\ramPicker.h">
      <Filter>src</Filter>
    </ClInclude>
    <ClInclude Include="src\skeleton\ramSkeleton.h">
      <Filter>src</Filter>
    </ClInclude>
    <ClInclude Include="src\skeleton\ramSkeletonManager.h">
      <Filter>src</Filter>
    </ClInclude>
    <ClInclude Include="src\skeleton\render\ramRenderer.h">
      <Filter>src</Filter>
    </ClInclude>
    <ClInclude Include="src\skeleton\render\ramSimpleShadow.h">
      <Filter>src</Filter>
    </ClInclude>
    <ClInclude Include="src\skeleton\settings\ramSettings.h">
      <Filter>src</Filter>
    </ClInclude>
    <ClInclude Include="src\ui\ramInspectorUI.h">
      <Filter>src</Filter>
    </ClInclude>
    <ClInclude Include="src\ui\ramLoggerUI.h">
      <Filter>src</Filter>
    </ClInclude>
    <ClInclude Include="src\ui\ramSideBarUI.h">
      <Filter>src</Filter>
    </ClInclude>
    <ClInclude Include="src\ui\ramUI.h">
      <Filter>src</Filter>
    </ClInclude>
    <ClInclude Include="src\utilities\ramCameraManager.h">
      <Filter>src</Filter>
    </ClInclude>
    <ClInclude Include="src\utilities\ramLogger.h">
      <Filter>src</Filter>
    </ClInclude>
    <ClInclude Include="src\utilities\ramMesh.h">
      <Filter>src</Filter>
    </ClInclude>
    <ClInclude Include="src\utilities\ramUtils.h">
      <Filter>src</Filter>
    </ClInclude>
    <ClInclude Include="src\addons\ofxUI\src\ofxUI.h">
      <Filter>addons\ofxUI\src</Filter>
    </ClInclude>
    <ClInclude Include="src\addons\ofxUI\src\ofxUI2DGraph.h">
      <Filter>addons\ofxUI\src</Filter>
    </ClInclude>
    <ClInclude Include="src\addons\ofxUI\src\ofxUI2DPad.h">
      <Filter>addons\ofxUI\src</Filter>
    </ClInclude>
    <ClInclude Include="src\addons\ofxUI\src\ofxUIBaseDraws.h">
      <Filter>addons\ofxUI\src</Filter>
    </ClInclude>
    <ClInclude Include="src\addons\ofxUI\src\ofxUIBiLabelSlider.h">
      <Filter>addons\ofxUI\src</Filter>
    </ClInclude>
    <ClInclude Include="src\addons\ofxUI\src\ofxUIButton.h">
      <Filter>addons\ofxUI\src</Filter>
    </ClInclude>
    <ClInclude Include="src\addons\ofxUI\src\ofxUICanvas.h">
      <Filter>addons\ofxUI\src</Filter>
    </ClInclude>
    <ClInclude Include="src\addons\ofxUI\src\ofxUICircleSlider.h">
      <Filter>addons\ofxUI\src</Filter>
    </ClInclude>
    <ClInclude Include="src\addons\ofxUI\src\ofxUICustomImageButton.h">
      <Filter>addons\ofxUI\src</Filter>
    </ClInclude>
    <ClInclude Include="src\addons\ofxUI\src\ofxUIDropDownList.h">
      <Filter>addons\ofxUI\src</Filter>
    </ClInclude>
    <ClInclude Include="src\addons\ofxUI\src\ofxUIEventArgs.h">
      <Filter>addons\ofxUI\src</Filter>
    </ClInclude>
    <ClInclude Include="src\addons\ofxUI\src\ofxUIFPS.h">
      <Filter>addons\ofxUI\src</Filter>
    </ClInclude>
    <ClInclude Include="src\addons\ofxUI\src\ofxUIFPSSlider.h">
      <Filter>addons\ofxUI\src</Filter>
    </ClInclude>
    <ClInclude Include="src\addons\ofxUI\src\ofxUIImage.h">
      <Filter>addons\ofxUI\src</Filter>
    </ClInclude>
    <ClInclude Include="src\addons\ofxUI\src\ofxUIImageButton.h">
      <Filter>addons\ofxUI\src</Filter>
    </ClInclude>
    <ClInclude Include="src\addons\ofxUI\src\ofxUIImageSampler.h">
      <Filter>addons\ofxUI\src</Filter>
    </ClInclude>
    <ClInclude Include="src\addons\ofxUI\src\ofxUIImageSlider.h">
      <Filter>addons\ofxUI\src</Filter>
    </ClInclude>
    <ClInclude Include="src\addons\ofxUI\src\ofxUIImageToggle.h">
      <Filter>addons\ofxUI\src</Filter>
    </ClInclude>
    <ClInclude Include="src\addons\ofxUI\src\ofxUILabel.h">
      <Filter>addons\ofxUI\src</Filter>
    </ClInclude>
    <ClInclude Include="src\addons\ofxUI\src\ofxUILabelButton.h">
      <Filter>addons\ofxUI\src</Filter>
    </ClInclude>
    <ClInclude Include="src\addons\ofxUI\src\ofxUILabelToggle.h">
      <Filter>addons\ofxUI\src</Filter>
    </ClInclude>
    <ClInclude Include="src\addons\ofxUI\src\ofxUIMinimalSlider.h">
      <Filter>addons\ofxUI\src</Filter>
    </ClInclude>
    <ClInclude Include="src\addons\ofxUI\src\ofxUIMovingGraph.h">
      <Filter>addons\ofxUI\src</Filter>
    </ClInclude>
    <ClInclude Include="src\addons\ofxUI\src\ofxUIMultiImageButton.h">
      <Filter>addons\ofxUI\src</Filter>
    </ClInclude>
    <ClInclude Include="src\addons\ofxUI\src\ofxUIMultiImageSlider.h">
      <Filter>addons\ofxUI\src</Filter>
    </ClInclude>
    <ClInclude Include="src\addons\ofxUI\src\ofxUIMultiImageToggle.h">
      <Filter>addons\ofxUI\src</Filter>
    </ClInclude>
    <ClInclude Include="src\addons\ofxUI\src\ofxUINumberDialer.h">
      <Filter>addons\ofxUI\src</Filter>
    </ClInclude>
    <ClInclude Include="src\addons\ofxUI\src\ofxUIRadio.h">
      <Filter>addons\ofxUI\src</Filter>
    </ClInclude>
    <ClInclude Include="src\addons\ofxUI\src\ofxUIRangeSlider.h">
      <Filter>addons\ofxUI\src</Filter>
    </ClInclude>
    <ClInclude Include="src\addons\ofxUI\src\ofxUIRectangle.h">
      <Filter>addons\ofxUI\src</Filter>
    </ClInclude>
    <ClInclude Include="src\addons\ofxUI\src\ofxUIRotarySlider.h">
      <Filter>addons\ofxUI\src</Filter>
    </ClInclude>
    <ClInclude Include="src\addons\ofxUI\src\ofxUIScrollableCanvas.h">
      <Filter>addons\ofxUI\src</Filter>
    </ClInclude>
    <ClInclude Include="src\addons\ofxUI\src\ofxUISlider.h">
      <Filter>addons\ofxUI\src</Filter>
    </ClInclude>
    <ClInclude Include="src\addons\ofxUI\src\ofxUISpacer.h">
      <Filter>addons\ofxUI\src</Filter>
    </ClInclude>
    <ClInclude Include="src\addons\ofxUI\src\ofxUISpectrum.h">
      <Filter>addons\ofxUI\src</Filter>
    </ClInclude>
    <ClInclude Include="src\addons\ofxUI\src\ofxUISuperCanvas.h">
      <Filter>addons\ofxUI\src</Filter>
    </ClInclude>
    <ClInclude Include="src\addons\ofxUI\src\ofxUITextArea.h">
      <Filter>addons\ofxUI\src</Filter>
    </ClInclude>
    <ClInclude Include="src\addons\ofxUI\src\ofxUITextInput.h">
      <Filter>addons\ofxUI\src</Filter>
    </ClInclude>
    <ClInclude Include="src\addons\ofxUI\src\ofxUIToggle.h">
      <Filter>addons\ofxUI\src</Filter>
    </ClInclude>
    <ClInclude Include="src\addons\ofxUI\src\ofxUIToggleMatrix.h">
      <Filter>addons\ofxUI\src</Filter>
    </ClInclude>
    <ClInclude Include="src\addons\ofxUI\src\ofxUIValuePlotter.h">
      <Filter>addons\ofxUI\src</Filter>
    </ClInclude>
    <ClInclude Include="src\addons\ofxUI\src\ofxUIWaveform.h">
      <Filter>addons\ofxUI\src</Filter>
    </ClInclude>
    <ClInclude Include="src\addons\ofxUI\src\ofxUIWidget.h">
      <Filter>addons\ofxUI\src</Filter>
    </ClInclude>
    <ClInclude Include="src\addons\ofxUI\src\ofxUIWidgetWithLabel.h">
      <Filter>addons\ofxUI\src</Filter>
    </ClInclude>
    <ClInclude Include="src\addons\ofxUITabbedCanvas\ofxUITabbedCanvas.h">
      <Filter>addons\ofxUITabbedCanvas</Filter>
    </ClInclude>
    <ClInclude Include="src\addons\ofxSimpleKalmanFilter\ofxSimpleKalmanFilter.h">
      <Filter>addons\ofxSimpleKalmanFilter</Filter>
    </ClInclude>
    <ClInclude Include="src\addons\ofxNonCopyable\ofxNonCopyable.h">
      <Filter>addons\ofxNonCopyable</Filter>
    </ClInclude>
    <ClInclude Include="src\addons\ofxException\ofxException.h">
      <Filter>addons\ofxException</Filter>
    </ClInclude>
    <ClInclude Include="src\addons\ofxEvent\ofxEvent.h">
      <Filter>addons\ofxEvent</Filter>
    </ClInclude>
    <ClInclude Include="..\..\..\addons\ofxOsc\src\ofxOsc.h">
      <Filter>addons\ofxOsc\src</Filter>
    </ClInclude>
    <ClInclude Include="..\..\..\addons\ofxOsc\src\ofxOscArg.h">
      <Filter>addons\ofxOsc\src</Filter>
    </ClInclude>
    <ClInclude Include="..\..\..\addons\ofxOsc\src\ofxOscBundle.h">
      <Filter>addons\ofxOsc\src</Filter>
    </ClInclude>
    <ClInclude Include="..\..\..\addons\ofxOsc\src\ofxOscMessage.h">
      <Filter>addons\ofxOsc\src</Filter>
    </ClInclude>
    <ClInclude Include="..\..\..\addons\ofxOsc\src\ofxOscParameterSync.h">
      <Filter>addons\ofxOsc\src</Filter>
    </ClInclude>
    <ClInclude Include="..\..\..\addons\ofxOsc\src\ofxOscReceiver.h">
      <Filter>addons\ofxOsc\src</Filter>
    </ClInclude>
    <ClInclude Include="..\..\..\addons\ofxOsc\src\ofxOscSender.h">
      <Filter>addons\ofxOsc\src</Filter>
    </ClInclude>
    <ClInclude Include="..\..\..\addons\ofxOsc\libs\oscpack\src\osc\MessageMappingOscPacketListener.h">
      <Filter>addons\ofxOsc\libs\oscpack\src\osc</Filter>
    </ClInclude>
    <ClInclude Include="..\..\..\addons\ofxOsc\libs\oscpack\src\osc\OscException.h">
      <Filter>addons\ofxOsc\libs\oscpack\src\osc</Filter>
    </ClInclude>
    <ClInclude Include="..\..\..\addons\ofxOsc\libs\oscpack\src\osc\OscHostEndianness.h">
      <Filter>addons\ofxOsc\libs\oscpack\src\osc</Filter>
    </ClInclude>
    <ClInclude Include="..\..\..\addons\ofxOsc\libs\oscpack\src\osc\OscOutboundPacketStream.h">
      <Filter>addons\ofxOsc\libs\oscpack\src\osc</Filter>
    </ClInclude>
    <ClInclude Include="..\..\..\addons\ofxOsc\libs\oscpack\src\osc\OscPacketListener.h">
      <Filter>addons\ofxOsc\libs\oscpack\src\osc</Filter>
    </ClInclude>
    <ClInclude Include="..\..\..\addons\ofxOsc\libs\oscpack\src\osc\OscPrintReceivedElements.h">
      <Filter>addons\ofxOsc\libs\oscpack\src\osc</Filter>
    </ClInclude>
    <ClInclude Include="..\..\..\addons\ofxOsc\libs\oscpack\src\osc\OscReceivedElements.h">
      <Filter>addons\ofxOsc\libs\oscpack\src\osc</Filter>
    </ClInclude>
    <ClInclude Include="..\..\..\addons\ofxOsc\libs\oscpack\src\osc\OscTypes.h">
      <Filter>addons\ofxOsc\libs\oscpack\src\osc</Filter>
    </ClInclude>
    <ClInclude Include="..\..\..\addons\ofxOsc\libs\oscpack\src\ip\IpEndpointName.h">
      <Filter>addons\ofxOsc\libs\oscpack\src\ip</Filter>
    </ClInclude>
    <ClInclude Include="..\..\..\addons\ofxOsc\libs\oscpack\src\ip\NetworkingUtils.h">
      <Filter>addons\ofxOsc\libs\oscpack\src\ip</Filter>
    </ClInclude>
    <ClInclude Include="..\..\..\addons\ofxOsc\libs\oscpack\src\ip\PacketListener.h">
      <Filter>addons\ofxOsc\libs\oscpack\src\ip</Filter>
    </ClInclude>
    <ClInclude Include="..\..\..\addons\ofxOsc\libs\oscpack\src\ip\TimerListener.h">
      <Filter>addons\ofxOsc\libs\oscpack\src\ip</Filter>
    </ClInclude>
    <ClInclude Include="..\..\..\addons\ofxOsc\libs\oscpack\src\ip\UdpSocket.h">
      <Filter>addons\ofxOsc\libs\oscpack\src\ip</Filter>
    </ClInclude>
    <ClInclude Include="..\..\..\addons\ofxXmlSettings\src\ofxXmlSettings.h">
      <Filter>addons\ofxXmlSettings\src</Filter>
    </ClInclude>
    <ClInclude Include="..\..\..\addons\ofxXmlSettings\libs\tinyxml.h">
      <Filter>addons\ofxXmlSettings\libs</Filter>
    </ClInclude>
    <ClInclude Include="..\..\..\addons\ofxNetwork\src\ofxNetwork.h">
      <Filter>addons\ofxNetwork\src</Filter>
    </ClInclude>
    <ClInclude Include="..\..\..\addons\ofxNetwork\src\ofxNetworkUtils.h">
      <Filter>addons\ofxNetwork\src</Filter>
    </ClInclude>
    <ClInclude Include="..\..\..\addons\ofxNetwork\src\ofxTCPClient.h">
      <Filter>addons\ofxNetwork\src</Filter>
    </ClInclude>
    <ClInclude Include="..\..\..\addons\ofxNetwork\src\ofxTCPManager.h">
      <Filter>addons\ofxNetwork\src</Filter>
    </ClInclude>
    <ClInclude Include="..\..\..\addons\ofxNetwork\src\ofxTCPServer.h">
      <Filter>addons\ofxNetwork\src</Filter>
    </ClInclude>
    <ClInclude Include="..\..\..\addons\ofxNetwork\src\ofxUDPManager.h">
      <Filter>addons\ofxNetwork\src</Filter>
    </ClInclude>
  </ItemGroup>
</Project>